# This file was autogenerated by Stack.
# You should not edit this file by hand.
# For more information, please see the documentation at:
#   https://docs.haskellstack.org/en/stable/lock_files

packages:
- completed:
    hackage: ansi-terminal-1.0@sha256:640ffecfd95471388d939fcacb57bdc0cef15f0457746c234a12cdd5a6c6d1e8,2706
    pantry-tree:
      sha256: d2028688664a01877fcbf4a7dc820574bec07f17393e570a98c00c49cd28d5cf
      size: 1061
  original:
    hackage: ansi-terminal-1.0@sha256:640ffecfd95471388d939fcacb57bdc0cef15f0457746c234a12cdd5a6c6d1e8,2706
- completed:
    hackage: hashable-1.4.6.0@sha256:82503a1ef0a625c210e118f2785c4138f8502aacbbfd4e5d987f6baffbb87115,6594
    pantry-tree:
      sha256: 003c7dc6f29cf8b013e86f1899b0b3dd50c8bcbeee5b3029f2e38e24d64a2830
      size: 1578
  original:
    hackage: hashable-1.4.6.0@sha256:82503a1ef0a625c210e118f2785c4138f8502aacbbfd4e5d987f6baffbb87115,6594
- completed:
    hackage: prettyprinter-1.7.1@sha256:9c43c9d8c3cd9f445596e5a2379574bba87f935a4d1fa41b5407ee3cf4edc743,6987
    pantry-tree:
      sha256: cd6f393bf7cba603a1958a139915fc343efd5488e36fd7b3b5c6956c002d04fa
      size: 3460
  original:
    hackage: prettyprinter-1.7.1@sha256:9c43c9d8c3cd9f445596e5a2379574bba87f935a4d1fa41b5407ee3cf4edc743,6987
- completed:
    hackage: prettyprinter-ansi-terminal-1.1.3@sha256:b00f727b964cf13adff7acf575a71fa7e405f5240aff50b07f10df76ab89f8d3,2574
    pantry-tree:
      sha256: b5d276267049502c72fdcd2f1d84c15b3598160d61de0482a2e5bb62c40bd4ea
      size: 820
  original:
    hackage: prettyprinter-ansi-terminal-1.1.3@sha256:b00f727b964cf13adff7acf575a71fa7e405f5240aff50b07f10df76ab89f8d3,2574
- completed:
    hackage: primitive-0.9.0.0@sha256:2e08c5409e3559c7f1669ef50e9a0d9a397e68ecf51110d5e2cedf05cdd7d93c,3171
    pantry-tree:
      sha256: a862f3979a8ed2ae047287de3c7376f749ee97d5a27c9c55a4c6d94ffb7d1601
      size: 1793
  original:
    hackage: primitive-0.9.0.0@sha256:2e08c5409e3559c7f1669ef50e9a0d9a397e68ecf51110d5e2cedf05cdd7d93c,3171
- completed:
    hackage: vector-0.13.1.0@sha256:bc032ccfb51d775eb6f4082c5fc02f5416b0ea0d6644a60d87677a6937f2d70d,9015
    pantry-tree:
      sha256: 02345da767b4f6f83d724b8a73d15efe3d19ea37bcae97386eaab0dbacb89a30
      size: 4093
  original:
    hackage: vector-0.13.1.0@sha256:bc032ccfb51d775eb6f4082c5fc02f5416b0ea0d6644a60d87677a6937f2d70d,9015
- completed:
    hackage: ansi-terminal-types-0.11.5@sha256:f78440dfd95c4509e88855ac7cc2d9566ddf956a92c1290404cac93ad1a1b00a,1482
    pantry-tree:
      sha256: 0a03e697837c4fae43543f3be0fcf9d88157ba637fbd1b656fc8bf79b1656a14
      size: 291
  original:
    hackage: ansi-terminal-types-0.11.5@sha256:f78440dfd95c4509e88855ac7cc2d9566ddf956a92c1290404cac93ad1a1b00a,1482
- completed:
    hackage: colour-2.3.6@sha256:ebdcbf15023958838a527e381ab3c3b1e99ed12d1b25efeb7feaa4ad8c37664a,2378
    pantry-tree:
      sha256: 03f8e22f364deb86098dbfbe0bf83c896437b2355f139abdac0402658fb6ac7e
      size: 1183
  original:
    hackage: colour-2.3.6@sha256:ebdcbf15023958838a527e381ab3c3b1e99ed12d1b25efeb7feaa4ad8c37664a,2378
- completed:
    hackage: os-string-2.0.3@sha256:4d4186bb8d711435765253c7dc076c44a1d52896300689507ba135706ab35866,3259
    pantry-tree:
      sha256: 03ad16c66fa3aba3e6080819d904529c6cb942ef2f99e7b42830fea8b918a7e9
      size: 2217
  original:
    hackage: os-string-2.0.3@sha256:4d4186bb8d711435765253c7dc076c44a1d52896300689507ba135706ab35866,3259
- completed:
    hackage: vector-stream-0.1.0.1@sha256:16a69e2ed71d7b35e16860fac520f94fa4da120eb973d9f8fbf0aa3a703d4a9f,1583
    pantry-tree:
      sha256: 972e6a2098c0784a40a65f75aa811dee861afe519872f726c695749f588b8bde
      size: 325
  original:
    hackage: vector-stream-0.1.0.1@sha256:16a69e2ed71d7b35e16860fac520f94fa4da120eb973d9f8fbf0aa3a703d4a9f,1583
- completed:
    hackage: hashtables-1.3.1@sha256:0c0a5620c2c1114dd63cb3130e4af4939c7b8fe624552f3ca48e66d95c75be1f,10396
    pantry-tree:
      sha256: 1e42cb2b2ea741329232e853aef79d7fd34630c7ec70f45f3391f81d67d7ded0
      size: 2895
  original:
    hackage: hashtables-1.3.1
- completed:
    hackage: splitmix-0.1.0.5@sha256:caa9b4a92abf1496c7f6a3c0f4e357426a54880077cb9f04e260a8bfa034b77b,6596
    pantry-tree:
      sha256: 6eb34b55fb0eb1c41fe539fb8ece181e31e82f4c89abf2b1aaf46df4b274797d
      size: 1519
  original:
    hackage: splitmix-0.1.0.5@sha256:caa9b4a92abf1496c7f6a3c0f4e357426a54880077cb9f04e260a8bfa034b77b,6596
- completed:
    hackage: random-1.2.1.2@sha256:32397de181e20ccaacf806ec70de9308cf044f089a2be37c936f3f8967bde867,6460
    pantry-tree:
      sha256: cd0fe2b39e4d4efad4d78f69c28b7fd49ffe2879923b3a9272352edc43a956e6
      size: 1528
  original:
    hackage: random-1.2.1.2@sha256:32397de181e20ccaacf806ec70de9308cf044f089a2be37c936f3f8967bde867,6460
snapshots: []
